
Microsoft Visual Studio Solution File, Format Version 12.00
# Visual Studio Version 16
VisualStudioVersion = 16.0.28917.181
MinimumVisualStudioVersion = 10.0.40219.1
Project("{2150E333-8FDC-42A3-9474-1A3956D46DE8}") = "samples", "samples", "{F8BE94EA-16F6-4459-BBC5-0CB19F911423}"
	ProjectSection(SolutionItems) = preProject
		samples\available-test.test = samples\available-test.test
		samples\basic-sample.test = samples\basic-sample.test
		samples\definitions.json = samples\definitions.json
		samples\new-basic-sample.test = samples\new-basic-sample.test
	EndProjectSection
EndProject
Project("{2150E333-8FDC-42A3-9474-1A3956D46DE8}") = "src", "src", "{C371EDEB-83E0-4B22-AE7F-574FE8BA99F0}"
EndProject
Project("{2150E333-8FDC-42A3-9474-1A3956D46DE8}") = "tests", "tests", "{D3904EC1-9BB4-4195-BDC8-3261FC9A7F6A}"
EndProject
Project("{2150E333-8FDC-42A3-9474-1A3956D46DE8}") = "docs", "docs", "{6C3F8309-CBD7-4F1C-A234-6172F214195E}"
	ProjectSection(SolutionItems) = preProject
		docs\Commands.md = docs\Commands.md
		docs\SpringlyGrammar.bnf = docs\SpringlyGrammar.bnf
	EndProjectSection
EndProject
Project("{9A19103F-16F7-4668-BE54-9A1E7A4F7556}") = "SpringlyLang.Cli.IntegrationTests", "tests\SpringlyLang.Cli.IntegrationTests\SpringlyLang.Cli.IntegrationTests.csproj", "{C368A23E-E1F7-4CCB-9585-3B679A02753A}"
EndProject
Project("{9A19103F-16F7-4668-BE54-9A1E7A4F7556}") = "Springly", "src\Springly\Springly.csproj", "{586D1496-2CD5-47D9-A3EB-8984C3824817}"
EndProject
Global
	GlobalSection(SolutionConfigurationPlatforms) = preSolution
		Debug|Any CPU = Debug|Any CPU
		Release|Any CPU = Release|Any CPU
	EndGlobalSection
	GlobalSection(ProjectConfigurationPlatforms) = postSolution
		{C368A23E-E1F7-4CCB-9585-3B679A02753A}.Debug|Any CPU.ActiveCfg = Debug|Any CPU
		{C368A23E-E1F7-4CCB-9585-3B679A02753A}.Debug|Any CPU.Build.0 = Debug|Any CPU
		{C368A23E-E1F7-4CCB-9585-3B679A02753A}.Release|Any CPU.ActiveCfg = Release|Any CPU
		{C368A23E-E1F7-4CCB-9585-3B679A02753A}.Release|Any CPU.Build.0 = Release|Any CPU
		{586D1496-2CD5-47D9-A3EB-8984C3824817}.Debug|Any CPU.ActiveCfg = Debug|Any CPU
		{586D1496-2CD5-47D9-A3EB-8984C3824817}.Debug|Any CPU.Build.0 = Debug|Any CPU
		{586D1496-2CD5-47D9-A3EB-8984C3824817}.Release|Any CPU.ActiveCfg = Release|Any CPU
		{586D1496-2CD5-47D9-A3EB-8984C3824817}.Release|Any CPU.Build.0 = Release|Any CPU
	EndGlobalSection
	GlobalSection(SolutionProperties) = preSolution
		HideSolutionNode = FALSE
	EndGlobalSection
	GlobalSection(NestedProjects) = preSolution
		{C368A23E-E1F7-4CCB-9585-3B679A02753A} = {D3904EC1-9BB4-4195-BDC8-3261FC9A7F6A}
		{586D1496-2CD5-47D9-A3EB-8984C3824817} = {C371EDEB-83E0-4B22-AE7F-574FE8BA99F0}
	EndGlobalSection
	GlobalSection(ExtensibilityGlobals) = postSolution
		SolutionGuid = {8B9404A2-496B-480F-8A64-A7CE840531AF}
	EndGlobalSection
EndGlobal
